// !$*UTF8*$!
{
	archiveVersion = 1;
	classes = {
	};
	objectVersion = 48;
	objects = {

/* Begin PBXBuildFile section */
		BE39E07D1FA6FDA7003F8EC6 /* PlaySoundsViewController.swift in Sources */ = {isa = PBXBuildFile; fileRef = BE39E07C1FA6FDA7003F8EC6 /* PlaySoundsViewController.swift */; };
		BE3BFE961FB2ACF3000E78DF /* MainOLD.storyboard in Resources */ = {isa = PBXBuildFile; fileRef = BE3BFE941FB2ACF3000E78DF /* MainOLD.storyboard */; };
		BE6CC69B1FB2A6810046B2A7 /* Storyboard.storyboard in Resources */ = {isa = PBXBuildFile; fileRef = BE6CC69A1FB2A6810046B2A7 /* Storyboard.storyboard */; };
		BE8C51601FA19B5200ECAB88 /* AppDelegate.swift in Sources */ = {isa = PBXBuildFile; fileRef = BE8C515F1FA19B5200ECAB88 /* AppDelegate.swift */; };
		BE8C51621FA19B5200ECAB88 /* RecordSoundsViewController.swift in Sources */ = {isa = PBXBuildFile; fileRef = BE8C51611FA19B5200ECAB88 /* RecordSoundsViewController.swift */; };
		BE8C51651FA19B5200ECAB88 /* Main.storyboard in Resources */ = {isa = PBXBuildFile; fileRef = BE8C51631FA19B5200ECAB88 /* Main.storyboard */; };
		BE8C51671FA19B5200ECAB88 /* Assets.xcassets in Resources */ = {isa = PBXBuildFile; fileRef = BE8C51661FA19B5200ECAB88 /* Assets.xcassets */; };
		BE8C516A1FA19B5200ECAB88 /* LaunchScreen.storyboard in Resources */ = {isa = PBXBuildFile; fileRef = BE8C51681FA19B5200ECAB88 /* LaunchScreen.storyboard */; };
		BED016541FA82D95005E9E41 /* playsoundsviewcontroller+audio.swift in Sources */ = {isa = PBXBuildFile; fileRef = BED016531FA82D95005E9E41 /* playsoundsviewcontroller+audio.swift */; };
/* End PBXBuildFile section */

/* Begin PBXFileReference section */
		BE39E07C1FA6FDA7003F8EC6 /* PlaySoundsViewController.swift */ = {isa = PBXFileReference; lastKnownFileType = sourcecode.swift; path = PlaySoundsViewController.swift; sourceTree = "<group>"; };
		BE3BFE951FB2ACF3000E78DF /* Base */ = {isa = PBXFileReference; lastKnownFileType = file.storyboard; name = Base; path = PitchPerfect/Base.lproj/MainOLD.storyboard; sourceTree = "<group>"; };
		BE6CC69A1FB2A6810046B2A7 /* Storyboard.storyboard */ = {isa = PBXFileReference; lastKnownFileType = file.storyboard; path = Storyboard.storyboard; sourceTree = "<group>"; };
		BE8C515C1FA19B5200ECAB88 /* PitchPerfect.app */ = {isa = PBXFileReference; explicitFileType = wrapper.application; includeInIndex = 0; path = PitchPerfect.app; sourceTree = BUILT_PRODUCTS_DIR; };
		BE8C515F1FA19B5200ECAB88 /* AppDelegate.swift */ = {isa = PBXFileReference; lastKnownFileType = sourcecode.swift; path = AppDelegate.swift; sourceTree = "<group>"; };
		BE8C51611FA19B5200ECAB88 /* RecordSoundsViewController.swift */ = {isa = PBXFileReference; lastKnownFileType = sourcecode.swift; path = RecordSoundsViewController.swift; sourceTree = "<group>"; };
		BE8C51641FA19B5200ECAB88 /* Base */ = {isa = PBXFileReference; lastKnownFileType = file.storyboard; name = Base; path = Base.lproj/Main.storyboard; sourceTree = "<group>"; };
		BE8C51661FA19B5200ECAB88 /* Assets.xcassets */ = {isa = PBXFileReference; lastKnownFileType = folder.assetcatalog; path = Assets.xcassets; sourceTree = "<group>"; };
		BE8C51691FA19B5200ECAB88 /* Base */ = {isa = PBXFileReference; lastKnownFileType = file.storyboard; name = Base; path = Base.lproj/LaunchScreen.storyboard; sourceTree = "<group>"; };
		BE8C516B1FA19B5200ECAB88 /* Info.plist */ = {isa = PBXFileReference; lastKnownFileType = text.plist.xml; path = Info.plist; sourceTree = "<group>"; };
		BED016531FA82D95005E9E41 /* playsoundsviewcontroller+audio.swift */ = {isa = PBXFileReference; lastKnownFileType = sourcecode.swift; path = "playsoundsviewcontroller+audio.swift"; sourceTree = "<group>"; };
/* End PBXFileReference section */

/* Begin PBXFrameworksBuildPhase section */
		BE8C51591FA19B5200ECAB88 /* Frameworks */ = {
			isa = PBXFrameworksBuildPhase;
			buildActionMask = 2147483647;
			files = (
			);
			runOnlyForDeploymentPostprocessing = 0;
		};
/* End PBXFrameworksBuildPhase section */

/* Begin PBXGroup section */
		BE8C51531FA19B5200ECAB88 = {
			isa = PBXGroup;
			children = (
				BE3BFE941FB2ACF3000E78DF /* MainOLD.storyboard */,
				BE8C515E1FA19B5200ECAB88 /* PitchPerfect */,
				BE8C515D1FA19B5200ECAB88 /* Products */,
			);
			sourceTree = "<group>";
		};
		BE8C515D1FA19B5200ECAB88 /* Products */ = {
			isa = PBXGroup;
			children = (
				BE8C515C1FA19B5200ECAB88 /* PitchPerfect.app */,
			);
			name = Products;
			sourceTree = "<group>";
		};
		BE8C515E1FA19B5200ECAB88 /* PitchPerfect */ = {
			isa = PBXGroup;
			children = (
				BE8C515F1FA19B5200ECAB88 /* AppDelegate.swift */,
				BE8C51611FA19B5200ECAB88 /* RecordSoundsViewController.swift */,
				BE8C51631FA19B5200ECAB88 /* Main.storyboard */,
				BE6CC69A1FB2A6810046B2A7 /* Storyboard.storyboard */,
				BE8C51661FA19B5200ECAB88 /* Assets.xcassets */,
				BE8C51681FA19B5200ECAB88 /* LaunchScreen.storyboard */,
				BE8C516B1FA19B5200ECAB88 /* Info.plist */,
				BE39E07C1FA6FDA7003F8EC6 /* PlaySoundsViewController.swift */,
				BED016531FA82D95005E9E41 /* playsoundsviewcontroller+audio.swift */,
			);
			path = PitchPerfect;
			sourceTree = "<group>";
		};
/* End PBXGroup section */

/* Begin PBXNativeTarget section */
		BE8C515B1FA19B5200ECAB88 /* PitchPerfect */ = {
			isa = PBXNativeTarget;
			buildConfigurationList = BE8C516E1FA19B5200ECAB88 /* Build configuration list for PBXNativeTarget "PitchPerfect" */;
			buildPhases = (
				BE8C51581FA19B5200ECAB88 /* Sources */,
				BE8C51591FA19B5200ECAB88 /* Frameworks */,
				BE8C515A1FA19B5200ECAB88 /* Resources */,
			);
			buildRules = (
			);
			dependencies = (
			);
			name = PitchPerfect;
			productName = PitchPerfect;
			productReference = BE8C515C1FA19B5200ECAB88 /* PitchPerfect.app */;
			productType = "com.apple.product-type.application";
		};
/* End PBXNativeTarget section */

/* Begin PBXProject section */
		BE8C51541FA19B5200ECAB88 /* Project object */ = {
			isa = PBXProject;
			attributes = {
				LastSwiftUpdateCheck = 0900;
				LastUpgradeCheck = 0900;
				ORGANIZATIONNAME = "Ken Kremer";
				TargetAttributes = {
					BE8C515B1FA19B5200ECAB88 = {
						CreatedOnToolsVersion = 9.0;
						ProvisioningStyle = Automatic;
					};
				};
			};
			buildConfigurationList = BE8C51571FA19B5200ECAB88 /* Build configuration list for PBXProject "PitchPerfect" */;
			compatibilityVersion = "Xcode 8.0";
			developmentRegion = en;
			hasScannedForEncodings = 0;
			knownRegions = (
				en,
				Base,
			);
			mainGroup = BE8C51531FA19B5200ECAB88;
			productRefGroup = BE8C515D1FA19B5200ECAB88 /* Products */;
			projectDirPath = "";
			projectRoot = "";
			targets = (
				BE8C515B1FA19B5200ECAB88 /* PitchPerfect */,
			);
		};
/* End PBXProject section */

/* Begin PBXResourcesBuildPhase section */
		BE8C515A1FA19B5200ECAB88 /* Resources */ = {
			isa = PBXResourcesBuildPhase;
			buildActionMask = 2147483647;
			files = (
				BE3BFE961FB2ACF3000E78DF /* MainOLD.storyboard in Resources */,
				BE8C516A1FA19B5200ECAB88 /* LaunchScreen.storyboard in Resources */,
				BE8C51671FA19B5200ECAB88 /* Assets.xcassets in Resources */,
				BE8C51651FA19B5200ECAB88 /* Main.storyboard in Resources */,
				BE6CC69B1FB2A6810046B2A7 /* Storyboard.storyboard in Resources */,
			);
			runOnlyForDeploymentPostprocessing = 0;
		};
/* End PBXResourcesBuildPhase section */

/* Begin PBXSourcesBuildPhase section */
		BE8C51581FA19B5200ECAB88 /* Sources */ = {
			isa = PBXSourcesBuildPhase;
			buildActionMask = 2147483647;
			files = (
				BE8C51621FA19B5200ECAB88 /* RecordSoundsViewController.swift in Sources */,
				BED016541FA82D95005E9E41 /* playsoundsviewcontroller+audio.swift in Sources */,
				BE39E07D1FA6FDA7003F8EC6 /* PlaySoundsViewController.swift in Sources */,
				BE8C51601FA19B5200ECAB88 /* AppDelegate.swift in Sources */,
			);
			runOnlyForDeploymentPostprocessing = 0;
		};
/* End PBXSourcesBuildPhase section */

/* Begin PBXVariantGroup section */
		BE3BFE941FB2ACF3000E78DF /* MainOLD.storyboard */ = {
			isa = PBXVariantGroup;
			children = (
				BE3BFE951FB2ACF3000E78DF /* Base */,
			);
			name = MainOLD.storyboard;
			sourceTree = "<group>";
		};
		BE8C51631FA19B5200ECAB88 /* Main.storyboard */ = {
			isa = PBXVariantGroup;
			children = (
				BE8C51641FA19B5200ECAB88 /* Base */,
			);
			name = Main.storyboard;
			sourceTree = "<group>";
		};
		BE8C51681FA19B5200ECAB88 /* LaunchScreen.storyboard */ = {
			isa = PBXVariantGroup;
			children = (
				BE8C51691FA19B5200ECAB88 /* Base */,
			);
			name = LaunchScreen.storyboard;
			sourceTree = "<group>";
		};
/* End PBXVariantGroup section */

/* Begin XCBuildConfiguration section */
		BE8C516C1FA19B5200ECAB88 /* Debug */ = {
			isa = XCBuildConfiguration;
			buildSettings = {
				ALWAYS_SEARCH_USER_PATHS = NO;
				CLANG_ANALYZER_NONNULL = YES;
				CLANG_ANALYZER_NUMBER_OBJECT_CONVERSION = YES_AGGRESSIVE;
				CLANG_CXX_LANGUAGE_STANDARD = "gnu++14";
				CLANG_CXX_LIBRARY = "libc++";
				CLANG_ENABLE_MODULES = YES;
				CLANG_ENABLE_OBJC_ARC = YES;
				CLANG_WARN_BLOCK_CAPTURE_AUTORELEASING = YES;
				CLANG_WARN_BOOL_CONVERSION = YES;
				CLANG_WARN_COMMA = YES;
				CLANG_WARN_CONSTANT_CONVERSION = YES;
				CLANG_WARN_DIRECT_OBJC_ISA_USAGE = YES_ERROR;
				CLANG_WARN_DOCUMENTATION_COMMENTS = YES;
				CLANG_WARN_EMPTY_BODY = YES;
				CLANG_WARN_ENUM_CONVERSION = YES;
				CLANG_WARN_INFINITE_RECURSION = YES;
				CLANG_WARN_INT_CONVERSION = YES;
				CLANG_WARN_NON_LITERAL_NULL_CONVERSION = YES;
				CLANG_WARN_OBJC_LITERAL_CONVERSION = YES;
				CLANG_WARN_OBJC_ROOT_CLASS = YES_ERROR;
				CLANG_WARN_RANGE_LOOP_ANALYSIS = YES;
				CLANG_WARN_STRICT_PROTOTYPES = YES;
				CLANG_WARN_SUSPICIOUS_MOVE = YES;
				CLANG_WARN_UNGUARDED_AVAILABILITY = YES_AGGRESSIVE;
				CLANG_WARN_UNREACHABLE_CODE = YES;
				CLANG_WARN__DUPLICATE_METHOD_MATCH = YES;
				CODE_SIGN_IDENTITY = "iPhone Developer";
				COPY_PHASE_STRIP = NO;
				DEBUG_INFORMATION_FORMAT = dwarf;
				ENABLE_STRICT_OBJC_MSGSEND = YES;
				ENABLE_TESTABILITY = YES;
				GCC_C_LANGUAGE_STANDARD = gnu11;
				GCC_DYNAMIC_NO_PIC = NO;
				GCC_NO_COMMON_BLOCKS = YES;
				GCC_OPTIMIZATION_LEVEL = 0;
				GCC_PREPROCESSOR_DEFINITIONS = (
					"DEBUG=1",
					"$(inherited)",
				);
				GCC_WARN_64_TO_32_BIT_CONVERSION = YES;
				GCC_WARN_ABOUT_RETURN_TYPE = YES_ERROR;
				GCC_WARN_UNDECLARED_SELECTOR = YES;
				GCC_WARN_UNINITIALIZED_AUTOS = YES_AGGRESSIVE;
				GCC_WARN_UNUSED_FUNCTION = YES;
				GCC_WARN_UNUSED_VARIABLE = YES;
				IPHONEOS_DEPLOYMENT_TARGET = 11.0;
				MTL_ENABLE_DEBUG_INFO = YES;
				ONLY_ACTIVE_ARCH = YES;
				SDKROOT = iphoneos;
				SWIFT_ACTIVE_COMPILATION_CONDITIONS = DEBUG;
				SWIFT_OPTIMIZATION_LEVEL = "-Onone";
			};
			name = Debug;
		};
		BE8C516D1FA19B5200ECAB88 /* Release */ = {
			isa = XCBuildConfiguration;
			buildSettings = {
				ALWAYS_SEARCH_USER_PATHS = NO;
				CLANG_ANALYZER_NONNULL = YES;
				CLANG_ANALYZER_NUMBER_OBJECT_CONVERSION = YES_AGGRESSIVE;
				CLANG_CXX_LANGUAGE_STANDARD = "gnu++14";
				CLANG_CXX_LIBRARY = "libc++";
				CLANG_ENABLE_MODULES = YES;
				CLANG_ENABLE_OBJC_ARC = YES;
				CLANG_WARN_BLOCK_CAPTURE_AUTORELEASING = YES;
				CLANG_WARN_BOOL_CONVERSION = YES;
				CLANG_WARN_COMMA = YES;
				CLANG_WARN_CONSTANT_CONVERSION = YES;
				CLANG_WARN_DIRECT_OBJC_ISA_USAGE = YES_ERROR;
				CLANG_WARN_DOCUMENTATION_COMMENTS = YES;
				CLANG_WARN_EMPTY_BODY = YES;
				CLANG_WARN_ENUM_CONVERSION = YES;
				CLANG_WARN_INFINITE_RECURSION = YES;
				CLANG_WARN_INT_CONVERSION = YES;
				CLANG_WARN_NON_LITERAL_NULL_CONVERSION = YES;
				CLANG_WARN_OBJC_LITERAL_CONVERSION = YES;
				CLANG_WARN_OBJC_ROOT_CLASS = YES_ERROR;
				CLANG_WARN_RANGE_LOOP_ANALYSIS = YES;
				CLANG_WARN_STRICT_PROTOTYPES = YES;
				CLANG_WARN_SUSPICIOUS_MOVE = YES;
				CLANG_WARN_UNGUARDED_AVAILABILITY = YES_AGGRESSIVE;
				CLANG_WARN_UNREACHABLE_CODE = YES;
				CLANG_WARN__DUPLICATE_METHOD_MATCH = YES;
				CODE_SIGN_IDENTITY = "iPhone Developer";
				COPY_PHASE_STRIP = NO;
				DEBUG_INFORMATION_FORMAT = "dwarf-with-dsym";
				ENABLE_NS_ASSERTIONS = NO;
				ENABLE_STRICT_OBJC_MSGSEND = YES;
				GCC_C_LANGUAGE_STANDARD = gnu11;
				GCC_NO_COMMON_BLOCKS = YES;
				GCC_WARN_64_TO_32_BIT_CONVERSION = YES;
				GCC_WARN_ABOUT_RETURN_TYPE = YES_ERROR;
				GCC_WARN_UNDECLARED_SELECTOR = YES;
				GCC_WARN_UNINITIALIZED_AUTOS = YES_AGGRESSIVE;
				GCC_WARN_UNUSED_FUNCTION = YES;
				GCC_WARN_UNUSED_VARIABLE = YES;
				IPHONEOS_DEPLOYMENT_TARGET = 11.0;
				MTL_ENABLE_DEBUG_INFO = NO;
				SDKROOT = iphoneos;
				SWIFT_OPTIMIZATION_LEVEL = "-Owholemodule";
				VALIDATE_PRODUCT = YES;
			};
			name = Release;
		};
		BE8C516F1FA19B5200ECAB88 /* Debug */ = {
			isa = XCBuildConfiguration;
			buildSettings = {
				ASSETCATALOG_COMPILER_APPICON_NAME = AppIcon;
				CODE_SIGN_STYLE = Automatic;
				DEVELOPMENT_TEAM = 397QJX3AAD;
				INFOPLIST_FILE = PitchPerfect/Info.plist;
				LD_RUNPATH_SEARCH_PATHS = "$(inherited) @executable_path/Frameworks";
				PRODUCT_BUNDLE_IDENTIFIER = com.Kenk.PitchPerfect;
				PRODUCT_NAME = "$(TARGET_NAME)";
				SWIFT_VERSION = 4.0;
				TARGETED_DEVICE_FAMILY = "1,2";
			};
			name = Debug;
		};
		BE8C51701FA19B5200ECAB88 /* Release */ = {
			isa = XCBuildConfiguration;
			buildSettings = {
				ASSETCATALOG_COMPILER_APPICON_NAME = AppIcon;
				CODE_SIGN_STYLE = Automatic;
				DEVELOPMENT_TEAM = 397QJX3AAD;
				INFOPLIST_FILE = PitchPerfect/Info.plist;
				LD_RUNPATH_SEARCH_PATHS = "$(inherited) @executable_path/Frameworks";
				PRODUCT_BUNDLE_IDENTIFIER = com.Kenk.PitchPerfect;
				PRODUCT_NAME = "$(TARGET_NAME)";
				SWIFT_VERSION = 4.0;
				TARGETED_DEVICE_FAMILY = "1,2";
			};
			name = Release;
		};
/* End XCBuildConfiguration section */

/* Begin XCConfigurationList section */
		BE8C51571FA19B5200ECAB88 /* Build configuration list for PBXProject "PitchPerfect" */ = {
			isa = XCConfigurationList;
			buildConfigurations = (
				BE8C516C1FA19B5200ECAB88 /* Debug */,
				BE8C516D1FA19B5200ECAB88 /* Release */,
			);
			defaultConfigurationIsVisible = 0;
			defaultConfigurationName = Release;
		};
		BE8C516E1FA19B5200ECAB88 /* Build configuration list for PBXNativeTarget "PitchPerfect" */ = {
			isa = XCConfigurationList;
			buildConfigurations = (
				BE8C516F1FA19B5200ECAB88 /* Debug */,
				BE8C51701FA19B5200ECAB88 /* Release */,
			);
			defaultConfigurationIsVisible = 0;
			defaultConfigurationName = Release;
		};
/* End XCConfigurationList section */
	};
	rootObject = BE8C51541FA19B5200ECAB88 /* Project object */;
}
